// !$*UTF8*$!
{
	archiveVersion = 1;
	classes = {
	};
	objectVersion = 46;
	objects = {

/* Begin PBXBuildFile section */
		E83AF9271E3E41670039F300 /* Helpers.swift in Sources */ = {isa = PBXBuildFile; fileRef = E83AF9211E3E41670039F300 /* Helpers.swift */; };
		E83AF9281E3E41670039F300 /* HTMLEscape.swift in Sources */ = {isa = PBXBuildFile; fileRef = E83AF9221E3E41670039F300 /* HTMLEscape.swift */; };
		E83AF9291E3E41670039F300 /* MustacheNode.swift in Sources */ = {isa = PBXBuildFile; fileRef = E83AF9231E3E41670039F300 /* MustacheNode.swift */; };
		E83AF92A1E3E41670039F300 /* MustacheParser.swift in Sources */ = {isa = PBXBuildFile; fileRef = E83AF9241E3E41670039F300 /* MustacheParser.swift */; };
		E83AF92B1E3E41670039F300 /* MustacheRenderingContext.swift in Sources */ = {isa = PBXBuildFile; fileRef = E83AF9251E3E41670039F300 /* MustacheRenderingContext.swift */; };
		E83AF92C1E3E41670039F300 /* SimpleKVC.swift in Sources */ = {isa = PBXBuildFile; fileRef = E83AF9261E3E41670039F300 /* SimpleKVC.swift */; };
		E8AFFF431E6F11B50074266E /* libmustache.dylib in Frameworks */ = {isa = PBXBuildFile; fileRef = E83AF8F81E3E40500039F300 /* libmustache.dylib */; };
		E8AFFF4A1E6F125D0074266E /* MustacheTests.swift in Sources */ = {isa = PBXBuildFile; fileRef = E8AFFF491E6F125D0074266E /* MustacheTests.swift */; };
/* End PBXBuildFile section */

/* Begin PBXContainerItemProxy section */
		E8AFFF441E6F11B50074266E /* PBXContainerItemProxy */ = {
			isa = PBXContainerItemProxy;
			containerPortal = E83AF8F01E3E40500039F300 /* Project object */;
			proxyType = 1;
			remoteGlobalIDString = E83AF8F71E3E40500039F300;
			remoteInfo = mustache;
		};
/* End PBXContainerItemProxy section */

/* Begin PBXFileReference section */
		E83AF8F81E3E40500039F300 /* libmustache.dylib */ = {isa = PBXFileReference; explicitFileType = "compiled.mach-o.dylib"; includeInIndex = 0; path = libmustache.dylib; sourceTree = BUILT_PRODUCTS_DIR; };
		E83AF9201E3E415E0039F300 /* README.md */ = {isa = PBXFileReference; lastKnownFileType = net.daringfireball.markdown; path = README.md; sourceTree = "<group>"; };
		E83AF9211E3E41670039F300 /* Helpers.swift */ = {isa = PBXFileReference; fileEncoding = 4; lastKnownFileType = sourcecode.swift; name = Helpers.swift; path = Sources/Helpers.swift; sourceTree = "<group>"; };
		E83AF9221E3E41670039F300 /* HTMLEscape.swift */ = {isa = PBXFileReference; fileEncoding = 4; lastKnownFileType = sourcecode.swift; name = HTMLEscape.swift; path = Sources/HTMLEscape.swift; sourceTree = "<group>"; };
		E83AF9231E3E41670039F300 /* MustacheNode.swift */ = {isa = PBXFileReference; fileEncoding = 4; lastKnownFileType = sourcecode.swift; name = MustacheNode.swift; path = Sources/MustacheNode.swift; sourceTree = "<group>"; };
		E83AF9241E3E41670039F300 /* MustacheParser.swift */ = {isa = PBXFileReference; fileEncoding = 4; lastKnownFileType = sourcecode.swift; name = MustacheParser.swift; path = Sources/MustacheParser.swift; sourceTree = "<group>"; };
		E83AF9251E3E41670039F300 /* MustacheRenderingContext.swift */ = {isa = PBXFileReference; fileEncoding = 4; lastKnownFileType = sourcecode.swift; name = MustacheRenderingContext.swift; path = Sources/MustacheRenderingContext.swift; sourceTree = "<group>"; };
		E83AF9261E3E41670039F300 /* SimpleKVC.swift */ = {isa = PBXFileReference; fileEncoding = 4; lastKnownFileType = sourcecode.swift; name = SimpleKVC.swift; path = Sources/SimpleKVC.swift; sourceTree = "<group>"; };
		E896BA531E6F1047003183A8 /* Base.xcconfig */ = {isa = PBXFileReference; lastKnownFileType = text.xcconfig; name = Base.xcconfig; path = xcconfig/Base.xcconfig; sourceTree = "<group>"; };
		E896BA541E6F1047003183A8 /* SharedLib.xcconfig */ = {isa = PBXFileReference; lastKnownFileType = text.xcconfig; name = SharedLib.xcconfig; path = xcconfig/SharedLib.xcconfig; sourceTree = "<group>"; };
		E8AFFF3E1E6F11B50074266E /* MustacheTests.xctest */ = {isa = PBXFileReference; explicitFileType = wrapper.cfbundle; includeInIndex = 0; path = MustacheTests.xctest; sourceTree = BUILT_PRODUCTS_DIR; };
		E8AFFF491E6F125D0074266E /* MustacheTests.swift */ = {isa = PBXFileReference; fileEncoding = 4; lastKnownFileType = sourcecode.swift; name = MustacheTests.swift; path = Tests/mustacheTests/MustacheTests.swift; sourceTree = SOURCE_ROOT; };
		E8C094DF1E49FA670041E7E8 /* GNUmakefile */ = {isa = PBXFileReference; lastKnownFileType = text; path = GNUmakefile; sourceTree = "<group>"; };
/* End PBXFileReference section */

/* Begin PBXFrameworksBuildPhase section */
		E83AF8F51E3E40500039F300 /* Frameworks */ = {
			isa = PBXFrameworksBuildPhase;
			buildActionMask = 2147483647;
			files = (
			);
			runOnlyForDeploymentPostprocessing = 0;
		};
		E8AFFF3B1E6F11B50074266E /* Frameworks */ = {
			isa = PBXFrameworksBuildPhase;
			buildActionMask = 2147483647;
			files = (
				E8AFFF431E6F11B50074266E /* libmustache.dylib in Frameworks */,
			);
			runOnlyForDeploymentPostprocessing = 0;
		};
/* End PBXFrameworksBuildPhase section */

/* Begin PBXGroup section */
		E83AF8EF1E3E40500039F300 = {
			isa = PBXGroup;
			children = (
				E83AF9201E3E415E0039F300 /* README.md */,
				E83AF91F1E3E41570039F300 /* Sources */,
				E83AF9411E3E48B00039F300 /* Configurations */,
				E8AFFF3F1E6F11B50074266E /* MustacheTests */,
				E83AF8F91E3E40500039F300 /* Products */,
			);
			sourceTree = "<group>";
		};
		E83AF8F91E3E40500039F300 /* Products */ = {
			isa = PBXGroup;
			children = (
				E83AF8F81E3E40500039F300 /* libmustache.dylib */,
				E8AFFF3E1E6F11B50074266E /* MustacheTests.xctest */,
			);
			name = Products;
			sourceTree = "<group>";
		};
		E83AF91F1E3E41570039F300 /* Sources */ = {
			isa = PBXGroup;
			children = (
				E83AF9241E3E41670039F300 /* MustacheParser.swift */,
				E83AF9231E3E41670039F300 /* MustacheNode.swift */,
				E83AF9251E3E41670039F300 /* MustacheRenderingContext.swift */,
				E83AF9261E3E41670039F300 /* SimpleKVC.swift */,
				E83AF9221E3E41670039F300 /* HTMLEscape.swift */,
				E83AF9211E3E41670039F300 /* Helpers.swift */,
			);
			name = Sources;
			sourceTree = "<group>";
		};
		E83AF9411E3E48B00039F300 /* Configurations */ = {
			isa = PBXGroup;
			children = (
				E896BA531E6F1047003183A8 /* Base.xcconfig */,
				E896BA541E6F1047003183A8 /* SharedLib.xcconfig */,
				E8C094DF1E49FA670041E7E8 /* GNUmakefile */,
			);
			name = Configurations;
			sourceTree = "<group>";
		};
		E8AFFF3F1E6F11B50074266E /* MustacheTests */ = {
			isa = PBXGroup;
			children = (
				E8AFFF491E6F125D0074266E /* MustacheTests.swift */,
			);
			path = MustacheTests;
			sourceTree = "<group>";
		};
/* End PBXGroup section */

/* Begin PBXHeadersBuildPhase section */
		E83AF8F61E3E40500039F300 /* Headers */ = {
			isa = PBXHeadersBuildPhase;
			buildActionMask = 2147483647;
			files = (
			);
			runOnlyForDeploymentPostprocessing = 0;
		};
/* End PBXHeadersBuildPhase section */

/* Begin PBXNativeTarget section */
		E83AF8F71E3E40500039F300 /* mustache */ = {
			isa = PBXNativeTarget;
			buildConfigurationList = E83AF8FC1E3E40500039F300 /* Build configuration list for PBXNativeTarget "mustache" */;
			buildPhases = (
				E83AF8F41E3E40500039F300 /* Sources */,
				E83AF8F51E3E40500039F300 /* Frameworks */,
				E83AF8F61E3E40500039F300 /* Headers */,
			);
			buildRules = (
			);
			dependencies = (
			);
			name = mustache;
			productName = mustache;
			productReference = E83AF8F81E3E40500039F300 /* libmustache.dylib */;
			productType = "com.apple.product-type.library.dynamic";
		};
		E8AFFF3D1E6F11B50074266E /* MustacheTests */ = {
			isa = PBXNativeTarget;
			buildConfigurationList = E8AFFF481E6F11B50074266E /* Build configuration list for PBXNativeTarget "MustacheTests" */;
			buildPhases = (
				E8AFFF3A1E6F11B50074266E /* Sources */,
				E8AFFF3B1E6F11B50074266E /* Frameworks */,
				E8AFFF3C1E6F11B50074266E /* Resources */,
			);
			buildRules = (
			);
			dependencies = (
				E8AFFF451E6F11B50074266E /* PBXTargetDependency */,
			);
			name = MustacheTests;
			productName = MustacheTests;
			productReference = E8AFFF3E1E6F11B50074266E /* MustacheTests.xctest */;
			productType = "com.apple.product-type.bundle.unit-test";
		};
/* End PBXNativeTarget section */

/* Begin PBXProject section */
		E83AF8F01E3E40500039F300 /* Project object */ = {
			isa = PBXProject;
			attributes = {
				LastSwiftUpdateCheck = 0820;
				LastUpgradeCheck = 0820;
				ORGANIZATIONNAME = "ZeeZide GmbH";
				TargetAttributes = {
					E83AF8F71E3E40500039F300 = {
						CreatedOnToolsVersion = 8.2.1;
						DevelopmentTeam = 4GXF3JAMM4;
						LastSwiftMigration = 0820;
						ProvisioningStyle = Automatic;
					};
					E8AFFF3D1E6F11B50074266E = {
						CreatedOnToolsVersion = 8.2.1;
						LastSwiftMigration = 0820;
						ProvisioningStyle = Automatic;
					};
				};
			};
			buildConfigurationList = E83AF8F31E3E40500039F300 /* Build configuration list for PBXProject "mustache" */;
			compatibilityVersion = "Xcode 3.2";
			developmentRegion = English;
			hasScannedForEncodings = 0;
			knownRegions = (
				en,
			);
			mainGroup = E83AF8EF1E3E40500039F300;
			productRefGroup = E83AF8F91E3E40500039F300 /* Products */;
			projectDirPath = "";
			projectRoot = "";
			targets = (
				E83AF8F71E3E40500039F300 /* mustache */,
				E8AFFF3D1E6F11B50074266E /* MustacheTests */,
			);
		};
/* End PBXProject section */

/* Begin PBXResourcesBuildPhase section */
		E8AFFF3C1E6F11B50074266E /* Resources */ = {
			isa = PBXResourcesBuildPhase;
			buildActionMask = 2147483647;
			files = (
			);
			runOnlyForDeploymentPostprocessing = 0;
		};
/* End PBXResourcesBuildPhase section */

/* Begin PBXSourcesBuildPhase section */
		E83AF8F41E3E40500039F300 /* Sources */ = {
			isa = PBXSourcesBuildPhase;
			buildActionMask = 2147483647;
			files = (
				E83AF9271E3E41670039F300 /* Helpers.swift in Sources */,
				E83AF9291E3E41670039F300 /* MustacheNode.swift in Sources */,
				E83AF92C1E3E41670039F300 /* SimpleKVC.swift in Sources */,
				E83AF92A1E3E41670039F300 /* MustacheParser.swift in Sources */,
				E83AF9281E3E41670039F300 /* HTMLEscape.swift in Sources */,
				E83AF92B1E3E41670039F300 /* MustacheRenderingContext.swift in Sources */,
			);
			runOnlyForDeploymentPostprocessing = 0;
		};
		E8AFFF3A1E6F11B50074266E /* Sources */ = {
			isa = PBXSourcesBuildPhase;
			buildActionMask = 2147483647;
			files = (
				E8AFFF4A1E6F125D0074266E /* MustacheTests.swift in Sources */,
			);
			runOnlyForDeploymentPostprocessing = 0;
		};
/* End PBXSourcesBuildPhase section */

/* Begin PBXTargetDependency section */
		E8AFFF451E6F11B50074266E /* PBXTargetDependency */ = {
			isa = PBXTargetDependency;
			target = E83AF8F71E3E40500039F300 /* mustache */;
			targetProxy = E8AFFF441E6F11B50074266E /* PBXContainerItemProxy */;
		};
/* End PBXTargetDependency section */

/* Begin XCBuildConfiguration section */
		E83AF8FA1E3E40500039F300 /* Debug */ = {
			isa = XCBuildConfiguration;
			baseConfigurationReference = E896BA531E6F1047003183A8 /* Base.xcconfig */;
			buildSettings = {
				CLANG_CXX_LANGUAGE_STANDARD = "gnu++0x";
				CLANG_CXX_LIBRARY = "libc++";
				CLANG_ENABLE_MODULES = YES;
				CLANG_ENABLE_OBJC_ARC = YES;
				CLANG_WARN_DOCUMENTATION_COMMENTS = YES;
				COPY_PHASE_STRIP = NO;
				DEBUG_INFORMATION_FORMAT = dwarf;
				ENABLE_STRICT_OBJC_MSGSEND = YES;
				ENABLE_TESTABILITY = YES;
				GCC_DYNAMIC_NO_PIC = NO;
				GCC_OPTIMIZATION_LEVEL = 0;
				GCC_PREPROCESSOR_DEFINITIONS = (
					"DEBUG=1",
					"$(inherited)",
				);
				MACOSX_DEPLOYMENT_TARGET = 10.11;
				MTL_ENABLE_DEBUG_INFO = YES;
				ONLY_ACTIVE_ARCH = YES;
				SDKROOT = macosx;
			};
			name = Debug;
		};
		E83AF8FB1E3E40500039F300 /* Release */ = {
			isa = XCBuildConfiguration;
			baseConfigurationReference = E896BA531E6F1047003183A8 /* Base.xcconfig */;
			buildSettings = {
				CLANG_CXX_LANGUAGE_STANDARD = "gnu++0x";
				CLANG_CXX_LIBRARY = "libc++";
				CLANG_ENABLE_MODULES = YES;
				CLANG_ENABLE_OBJC_ARC = YES;
				CLANG_WARN_DOCUMENTATION_COMMENTS = YES;
				COPY_PHASE_STRIP = NO;
				DEBUG_INFORMATION_FORMAT = "dwarf-with-dsym";
				ENABLE_NS_ASSERTIONS = NO;
				ENABLE_STRICT_OBJC_MSGSEND = YES;
				MACOSX_DEPLOYMENT_TARGET = 10.11;
				MTL_ENABLE_DEBUG_INFO = NO;
				SDKROOT = macosx;
			};
			name = Release;
		};
		E83AF8FD1E3E40500039F300 /* Debug */ = {
			isa = XCBuildConfiguration;
			baseConfigurationReference = E896BA541E6F1047003183A8 /* SharedLib.xcconfig */;
			buildSettings = {
				CLANG_ENABLE_MODULES = YES;
				DEVELOPMENT_TEAM = 4GXF3JAMM4;
				DYLIB_COMPATIBILITY_VERSION = 1;
				DYLIB_CURRENT_VERSION = 1;
				EXECUTABLE_PREFIX = lib;
				PRODUCT_NAME = "$(TARGET_NAME)";
				SWIFT_OPTIMIZATION_LEVEL = "-Onone";
				SWIFT_VERSION = 3.0;
			};
			name = Debug;
		};
		E83AF8FE1E3E40500039F300 /* Release */ = {
			isa = XCBuildConfiguration;
			baseConfigurationReference = E896BA541E6F1047003183A8 /* SharedLib.xcconfig */;
			buildSettings = {
				CLANG_ENABLE_MODULES = YES;
				DEVELOPMENT_TEAM = 4GXF3JAMM4;
				DYLIB_COMPATIBILITY_VERSION = 1;
				DYLIB_CURRENT_VERSION = 1;
				EXECUTABLE_PREFIX = lib;
				PRODUCT_NAME = "$(TARGET_NAME)";
				SWIFT_VERSION = 3.0;
			};
			name = Release;
		};
		E8AFFF461E6F11B50074266E /* Debug */ = {
			isa = XCBuildConfiguration;
			buildSettings = {
				CLANG_ENABLE_MODULES = YES;
				COMBINE_HIDPI_IMAGES = YES;
				INFOPLIST_FILE = Tests/mustacheTests/Info.plist;
				LD_RUNPATH_SEARCH_PATHS = "$(inherited) @executable_path/../Frameworks @loader_path/../Frameworks";
				PRODUCT_BUNDLE_IDENTIFIER = com.alwaysrightinstitute.mustache.MustacheTests;
				PRODUCT_NAME = "$(TARGET_NAME)";
				SWIFT_ACTIVE_COMPILATION_CONDITIONS = DEBUG;
				SWIFT_OPTIMIZATION_LEVEL = "-Onone";
				SWIFT_VERSION = 3.0;
			};
			name = Debug;
		};
		E8AFFF471E6F11B50074266E /* Release */ = {
			isa = XCBuildConfiguration;
			buildSettings = {
				CLANG_ENABLE_MODULES = YES;
				COMBINE_HIDPI_IMAGES = YES;
				INFOPLIST_FILE = Tests/mustacheTests/Info.plist;
				LD_RUNPATH_SEARCH_PATHS = "$(inherited) @executable_path/../Frameworks @loader_path/../Frameworks";
				PRODUCT_BUNDLE_IDENTIFIER = com.alwaysrightinstitute.mustache.MustacheTests;
				PRODUCT_NAME = "$(TARGET_NAME)";
				SWIFT_OPTIMIZATION_LEVEL = "-Owholemodule";
				SWIFT_VERSION = 3.0;
			};
			name = Release;
		};
/* End XCBuildConfiguration section */

/* Begin XCConfigurationList section */
		E83AF8F31E3E40500039F300 /* Build configuration list for PBXProject "mustache" */ = {
			isa = XCConfigurationList;
			buildConfigurations = (
				E83AF8FA1E3E40500039F300 /* Debug */,
				E83AF8FB1E3E40500039F300 /* Release */,
			);
			defaultConfigurationIsVisible = 0;
			defaultConfigurationName = Release;
		};
		E83AF8FC1E3E40500039F300 /* Build configuration list for PBXNativeTarget "mustache" */ = {
			isa = XCConfigurationList;
			buildConfigurations = (
				E83AF8FD1E3E40500039F300 /* Debug */,
				E83AF8FE1E3E40500039F300 /* Release */,
			);
			defaultConfigurationIsVisible = 0;
			defaultConfigurationName = Release;
		};
		E8AFFF481E6F11B50074266E /* Build configuration list for PBXNativeTarget "MustacheTests" */ = {
			isa = XCConfigurationList;
			buildConfigurations = (
				E8AFFF461E6F11B50074266E /* Debug */,
				E8AFFF471E6F11B50074266E /* Release */,
			);
			defaultConfigurationIsVisible = 0;
		};
/* End XCConfigurationList section */
	};
	rootObject = E83AF8F01E3E40500039F300 /* Project object */;
}
